
Microsoft Visual Studio Solution File, Format Version 12.00
# Visual Studio 15
VisualStudioVersion = 15.0.27130.2036
MinimumVisualStudioVersion = 10.0.40219.1
Project("{FAE04EC0-301F-11D3-BF4B-00C04F79EFBC}") = "MadeWithLove", "MadeWithLove\MadeWithLove.csproj", "{93D4A0A9-4B85-4FCE-85F3-792B746CA5CF}"
EndProject
Global
	GlobalSection(SolutionConfigurationPlatforms) = preSolution
		Debug|Any CPU = Debug|Any CPU
		Release|Any CPU = Release|Any CPU
	EndGlobalSection
	GlobalSection(ProjectConfigurationPlatforms) = postSolution
		{93D4A0A9-4B85-4FCE-85F3-792B746CA5CF}.Debug|Any CPU.ActiveCfg = Debug|Any CPU
		{93D4A0A9-4B85-4FCE-85F3-792B746CA5CF}.Debug|Any CPU.Build.0 = Debug|Any CPU
		{93D4A0A9-4B85-4FCE-85F3-792B746CA5CF}.Release|Any CPU.ActiveCfg = Release|Any CPU
		{93D4A0A9-4B85-4FCE-85F3-792B746CA5CF}.Release|Any CPU.Build.0 = Release|Any CPU
	EndGlobalSection
	GlobalSection(SolutionProperties) = preSolution
		HideSolutionNode = FALSE
	EndGlobalSection
	GlobalSection(ExtensibilityGlobals) = postSolution
		SolutionGuid = {63535D7C-B15D-4A87-B2F9-4B8ECAF07583}
	EndGlobalSection
EndGlobal
